{
  "name": "test-pdf",
  "version": "1.0.0",
  "lockfileVersion": 1,
  "requires": true,
  "dependencies": {
    "pdfh5": {
      "version": "1.4.2",
      "resolved": "https://mirrors.cloud.tencent.com/npm/pdfh5/-/pdfh5-1.4.2.tgz",
      "integrity": "sha512-1BL8HIx/EEZowRPBgas7/WokbGEv1gxKNRmmHSimG113178mKxIBH4pxWBc0tj6d25Sy+EwnlQwv9cUUmQa42w=="
    }
  }
}
